{
  "name": "@thing-it/device-tado",
  "version": "0.3.0",
  "lockfileVersion": 1,
  "requires": true,
  "dependencies": {
    "axios": {
      "version": "0.18.0",
      "resolved": "http://registry.npmjs.org/axios/-/axios-0.18.0.tgz",
      "integrity": "sha1-MtU+SFHv3AoRmTts0AB4nXDAUQI=",
      "requires": {
        "follow-redirects": "1.5.10",
        "is-buffer": "1.1.6"
      }
    },
    "boom": {
      "version": "7.2.2",
      "resolved": "https://registry.npmjs.org/boom/-/boom-7.2.2.tgz",
      "integrity": "sha512-IFUbOa8PS7xqmhIjpeStwT3d09hGkNYQ6aj2iELSTxcVs2u0aKn1NzhkdUQSzsRg1FVkj3uit3I6mXQCBixw+A==",
      "requires": {
        "hoek": "6.0.4"
      },
      "dependencies": {
        "hoek": {
          "version": "6.0.4",
          "resolved": "https://registry.npmjs.org/hoek/-/hoek-6.0.4.tgz",
          "integrity": "sha512-9D47elppcwrTx2x9B6TrovxnUtlTBYFcHGgo0+LRA1+YfUkCecT//41ovdh6zbl7whB9Hc2whRO1c6lzPoTgww=="
        }
      }
    },
    "date-fns": {
      "version": "1.29.0",
      "resolved": "https://registry.npmjs.org/date-fns/-/date-fns-1.29.0.tgz",
      "integrity": "sha512-lbTXWZ6M20cWH8N9S6afb0SBm6tMk+uUg6z3MqHPKE9atmsY3kJkTm8vKe93izJ2B2+q5MV990sM2CHgtAZaOw=="
    },
    "debug": {
      "version": "3.1.0",
      "resolved": "https://registry.npmjs.org/debug/-/debug-3.1.0.tgz",
      "integrity": "sha512-OX8XqP7/1a9cqkxYw2yXss15f26NKWBpDXQd0/uK/KPqdQhxbPa994hnzjcE2VqQpDslf55723cKPUOGSmMY3g==",
      "requires": {
        "ms": "2.0.0"
      }
    },
    "follow-redirects": {
      "version": "1.5.10",
      "resolved": "https://registry.npmjs.org/follow-redirects/-/follow-redirects-1.5.10.tgz",
      "integrity": "sha512-0V5l4Cizzvqt5D44aTXbFZz+FtyXV1vrDN6qrelxtfYQKW0KO0W2T/hkE8xvGa/540LkZlkaUjO4ailYTFtHVQ==",
      "requires": {
        "debug": "3.1.0"
      }
    },
    "hoek": {
      "version": "5.0.4",
      "resolved": "https://registry.npmjs.org/hoek/-/hoek-5.0.4.tgz",
      "integrity": "sha512-Alr4ZQgoMlnere5FZJsIyfIjORBqZll5POhDsF4q64dPuJR6rNxXdDxtHSQq8OXRurhmx+PWYEE8bXRROY8h0w=="
    },
    "is-buffer": {
      "version": "1.1.6",
      "resolved": "https://registry.npmjs.org/is-buffer/-/is-buffer-1.1.6.tgz",
      "integrity": "sha512-NcdALwpXkTm5Zvvbk7owOUSvVvBKDgKP5/ewfXEznmQFfs4ZRmanOeKBTjRVjka3QFoN6XJ+9F3USqfHqTaU5w=="
    },
    "isemail": {
      "version": "3.2.0",
      "resolved": "https://registry.npmjs.org/isemail/-/isemail-3.2.0.tgz",
      "integrity": "sha512-zKqkK+O+dGqevc93KNsbZ/TqTUFd46MwWjYOoMrjIMZ51eU7DtQG3Wmd9SQQT7i7RVnuTPEiYEWHU3MSbxC1Tg==",
      "requires": {
        "punycode": "2.1.1"
      }
    },
    "joi": {
      "version": "13.7.0",
      "resolved": "https://registry.npmjs.org/joi/-/joi-13.7.0.tgz",
      "integrity": "sha512-xuY5VkHfeOYK3Hdi91ulocfuFopwgbSORmIwzcwHKESQhC7w1kD5jaVSPnqDxS2I8t3RZ9omCKAxNwXN5zG1/Q==",
      "requires": {
        "hoek": "5.0.4",
        "isemail": "3.2.0",
        "topo": "3.0.3"
      }
    },
    "ms": {
      "version": "2.0.0",
      "resolved": "https://registry.npmjs.org/ms/-/ms-2.0.0.tgz",
      "integrity": "sha1-VgiurfwAvmwpAd9fmGF4jeDVl8g="
    },
    "node-tado-client": {
      "version": "0.1.1",
      "resolved": "https://registry.npmjs.org/node-tado-client/-/node-tado-client-0.1.1.tgz",
      "integrity": "sha512-TDLBxgquTjgEzhBNTY38chkjTKQinyYW/nHZyiVUL8v7xFmnAJnHPUpszise+C2tcxA8s+1JilMDUPfoHpRwew==",
      "requires": {
        "axios": "0.18.0",
        "simple-oauth2": "2.2.1"
      }
    },
    "punycode": {
      "version": "2.1.1",
      "resolved": "https://registry.npmjs.org/punycode/-/punycode-2.1.1.tgz",
      "integrity": "sha512-XRsRjdf+j5ml+y/6GKHPZbrF/8p2Yga0JPtdqTIY2Xe5ohJPD9saDJJLPvp9+NSBprVvevdXZybnj2cv8OEd0A=="
    },
    "q": {
      "version": "1.5.1",
      "resolved": "https://registry.npmjs.org/q/-/q-1.5.1.tgz",
      "integrity": "sha1-fjL3W0E4EpHQRhHxvxQQmsAGUdc="
    },
    "simple-oauth2": {
      "version": "2.2.1",
      "resolved": "https://registry.npmjs.org/simple-oauth2/-/simple-oauth2-2.2.1.tgz",
      "integrity": "sha512-Ujn8tU9Nl4CLy5L6ksSL+kJ6eI61NyhLCUZPris6aHMGxnfAnqrYdmTN16VSEl9m5W9WPj1sXJvhoi6kihsaSA==",
      "requires": {
        "date-fns": "1.29.0",
        "debug": "3.1.0",
        "joi": "13.7.0",
        "wreck": "14.1.3"
      }
    },
    "topo": {
      "version": "3.0.3",
      "resolved": "https://registry.npmjs.org/topo/-/topo-3.0.3.tgz",
      "integrity": "sha512-IgpPtvD4kjrJ7CRA3ov2FhWQADwv+Tdqbsf1ZnPUSAtCJ9e1Z44MmoSGDXGk4IppoZA7jd/QRkNddlLJWlUZsQ==",
      "requires": {
        "hoek": "6.0.4"
      },
      "dependencies": {
        "hoek": {
          "version": "6.0.4",
          "resolved": "https://registry.npmjs.org/hoek/-/hoek-6.0.4.tgz",
          "integrity": "sha512-9D47elppcwrTx2x9B6TrovxnUtlTBYFcHGgo0+LRA1+YfUkCecT//41ovdh6zbl7whB9Hc2whRO1c6lzPoTgww=="
        }
      }
    },
    "wreck": {
      "version": "14.1.3",
      "resolved": "https://registry.npmjs.org/wreck/-/wreck-14.1.3.tgz",
      "integrity": "sha512-hb/BUtjX3ObbwO3slCOLCenQ4EP8e+n8j6FmTne3VhEFp5XV1faSJojiyxVSvw34vgdeTG5baLTl4NmjwokLlw==",
      "requires": {
        "boom": "7.2.2",
        "hoek": "6.0.4"
      },
      "dependencies": {
        "hoek": {
          "version": "6.0.4",
          "resolved": "https://registry.npmjs.org/hoek/-/hoek-6.0.4.tgz",
          "integrity": "sha512-9D47elppcwrTx2x9B6TrovxnUtlTBYFcHGgo0+LRA1+YfUkCecT//41ovdh6zbl7whB9Hc2whRO1c6lzPoTgww=="
        }
      }
    }
  }
}
